langcode: en
status: true
dependencies:
  config:
    - views.view.photo_album
  module:
    - system
    - views
  theme:
    - bartik
id: photo_album_block
theme: bartik
region: content
weight: 0
provider: null
plugin: 'views_block:photo_album-photo_album_block'
settings:
  id: 'views_block:photo_album-photo_album_block'
  label: ''
  provider: views
  label_display: visible
  views_label: ''
  items_per_page: none
  context_mapping: {  }
visibility:
  request_path:
    id: request_path
    pages: '/user/*'
    negate: false
    context_mapping: {  }
